
Microsoft Visual Studio Solution File, Format Version 12.00
# Visual Studio Version 17
VisualStudioVersion = 17.2.32616.157
MinimumVisualStudioVersion = 10.0.40219.1
Project("{FAE04EC0-301F-11D3-BF4B-00C04F79EFBC}") = "MVCWebApp", "MVCWebApp\MVCWebApp.csproj", "{EB9E0773-6D16-41D8-8910-C8B65FB3AACD}"
EndProject
Project("{00D1A9C2-B5F0-4AF3-8072-F6C62B433612}") = "MVCDemoDB", "MVCDemoDB\MVCDemoDB.sqlproj", "{B9420B52-D1B6-440B-9041-CCD6E8E3F783}"
EndProject
Project("{FAE04EC0-301F-11D3-BF4B-00C04F79EFBC}") = "MVCLibrary", "MVCLibrary\MVCLibrary.csproj", "{EE59996F-43A2-44CC-978B-8DBB14D29E84}"
EndProject
Global
	GlobalSection(SolutionConfigurationPlatforms) = preSolution
		Debug|Any CPU = Debug|Any CPU
		Release|Any CPU = Release|Any CPU
	EndGlobalSection
	GlobalSection(ProjectConfigurationPlatforms) = postSolution
		{EB9E0773-6D16-41D8-8910-C8B65FB3AACD}.Debug|Any CPU.ActiveCfg = Debug|Any CPU
		{EB9E0773-6D16-41D8-8910-C8B65FB3AACD}.Debug|Any CPU.Build.0 = Debug|Any CPU
		{EB9E0773-6D16-41D8-8910-C8B65FB3AACD}.Release|Any CPU.ActiveCfg = Release|Any CPU
		{EB9E0773-6D16-41D8-8910-C8B65FB3AACD}.Release|Any CPU.Build.0 = Release|Any CPU
		{B9420B52-D1B6-440B-9041-CCD6E8E3F783}.Debug|Any CPU.ActiveCfg = Debug|Any CPU
		{B9420B52-D1B6-440B-9041-CCD6E8E3F783}.Debug|Any CPU.Build.0 = Debug|Any CPU
		{B9420B52-D1B6-440B-9041-CCD6E8E3F783}.Debug|Any CPU.Deploy.0 = Debug|Any CPU
		{B9420B52-D1B6-440B-9041-CCD6E8E3F783}.Release|Any CPU.ActiveCfg = Release|Any CPU
		{B9420B52-D1B6-440B-9041-CCD6E8E3F783}.Release|Any CPU.Build.0 = Release|Any CPU
		{B9420B52-D1B6-440B-9041-CCD6E8E3F783}.Release|Any CPU.Deploy.0 = Release|Any CPU
		{EE59996F-43A2-44CC-978B-8DBB14D29E84}.Debug|Any CPU.ActiveCfg = Debug|Any CPU
		{EE59996F-43A2-44CC-978B-8DBB14D29E84}.Debug|Any CPU.Build.0 = Debug|Any CPU
		{EE59996F-43A2-44CC-978B-8DBB14D29E84}.Release|Any CPU.ActiveCfg = Release|Any CPU
		{EE59996F-43A2-44CC-978B-8DBB14D29E84}.Release|Any CPU.Build.0 = Release|Any CPU
	EndGlobalSection
	GlobalSection(SolutionProperties) = preSolution
		HideSolutionNode = FALSE
	EndGlobalSection
	GlobalSection(ExtensibilityGlobals) = postSolution
		SolutionGuid = {4CCADFDB-32B7-4F71-B289-23E1ADBCD70B}
	EndGlobalSection
EndGlobal
